
Microsoft Visual Studio Solution File, Format Version 12.00
# Visual Studio Version 17
VisualStudioVersion = 17.2.32519.379
MinimumVisualStudioVersion = 10.0.40219.1
Project("{FAE04EC0-301F-11D3-BF4B-00C04F79EFBC}") = "P01ZadanieBiblioteka", "P01ZadanieBiblioteka\P01ZadanieBiblioteka.csproj", "{03727586-2DC1-47CA-B634-08E0B0807961}"
EndProject
Global
	GlobalSection(SolutionConfigurationPlatforms) = preSolution
		Debug|Any CPU = Debug|Any CPU
		Release|Any CPU = Release|Any CPU
	EndGlobalSection
	GlobalSection(ProjectConfigurationPlatforms) = postSolution
		{03727586-2DC1-47CA-B634-08E0B0807961}.Debug|Any CPU.ActiveCfg = Debug|Any CPU
		{03727586-2DC1-47CA-B634-08E0B0807961}.Debug|Any CPU.Build.0 = Debug|Any CPU
		{03727586-2DC1-47CA-B634-08E0B0807961}.Release|Any CPU.ActiveCfg = Release|Any CPU
		{03727586-2DC1-47CA-B634-08E0B0807961}.Release|Any CPU.Build.0 = Release|Any CPU
	EndGlobalSection
	GlobalSection(SolutionProperties) = preSolution
		HideSolutionNode = FALSE
	EndGlobalSection
	GlobalSection(ExtensibilityGlobals) = postSolution
		SolutionGuid = {9EF27DAE-E53E-4771-BD31-D680A6F136BF}
	EndGlobalSection
EndGlobal
